# THIS IS AN AUTOGENERATED FILE. DO NOT EDIT THIS FILE DIRECTLY.
# yarn lockfile v1

react-native-cli@1.0.0:
  version "1.0.0"
  resolved "https://registry.yarnpkg.com/react-native-cli/-/react-native-cli-1.0.0.tgz#112d56c18b7324969d21282a240e3de8903aa963"
  dependencies:
    chalk "^1.1.1"
    minimist "^1.2.0"
    prompt "^0.2.14"
    semver "^5.0.3"
