# THIS IS AN AUTOGENERATED FILE. DO NOT EDIT THIS FILE DIRECTLY.
# yarn lockfile v1


dep-a@1.0.0:
  version "1.0.0"
  resolved dep-a-1.0.0.tgz#e7f20878f3696af17ef69934c320885ffab98651
  dependencies:
    dep-b "1.0.0"

dep-b@1.0.0:
  version "1.0.0"
  resolved dep-b-1.0.0.tgz#3ec41d539ec81cbb0b00f3f77cee143104153783

dep-e@2.0.0:
  version "2.0.0"
  resolved dep-e-2.0.0.tgz#c326a657226d79e68a2208f62a3f3f9f657416a9
