# THIS IS AN AUTOGENERATED FILE. DO NOT EDIT THIS FILE DIRECTLY.
# yarn lockfile v1
"@turf/helpers@3.0.16":
  version "3.0.16"
  resolved helpers-3.0.16.tgz#450adf252738358847ce0359030412b0b421a877
"left-pad@npm:left-pad@1.0.0":
  version "1.0.0"
  resolved left-pad-1.0.0.tgz#c84e2417581bbb8eaf2b9e3d7a122e572ab1af37
"left-pad2@npm:left-pad@1.1.0":
  version "1.1.0"
  resolved left-pad-1.1.0.tgz#47a2daf581ede454334dee6c6036cae00d912e4d
