{
  "name": "overlapping-package-lock",
  "version": "1.0.0",
  "lockfileVersion": 1,
  "requires": true,
  "dependencies": {
    "file-dep-a": {
      "version": "file:deps/a",
      "requires": {
        "safe-buffer": "^5.1.1"
      },
      "dependencies": {
        "safe-buffer": {
          "version": "5.1.2",
          "bundled": true
        }
      }
    },
    "file-dep-b": {
      "version": "file:deps/b",
      "requires": {
        "safe-buffer": "^5.1.0"
      },
      "dependencies": {
        "safe-buffer": {
          "version": "5.1.1",
          "bundled": true
        }
      }
    },
    "safe-buffer": {
      "version": "5.1.1",
      "resolved": "https://registry.npmjs.org/safe-buffer/-/safe-buffer-5.1.1.tgz",
      "integrity": "sha512-kKvNJn6Mm93gAczWVJg7wH+wGYWNrDHdWvpUmHyEsgCtIwwo3bqPtV4tR5tuPaUhTOo/kvhVwd8XwwOllGYkbg=="
    }
  }
}
