# THIS IS AN AUTOGENERATED FILE. DO NOT EDIT THIS FILE DIRECTLY.
# yarn lockfile v1


"yarn-test-git-repo@https://github.com/yarnpkg/e2e-test-repo#package-not-in-registry":
  version "1.0.0"
  resolved "https://github.com/yarnpkg/e2e-test-repo#d2027157d0c7188fc9ed6a6654325d1e3bf4db40"

"e2e-test-repo@https://github.com/yarnpkg/e2e-test-repo#greenkeeper/cross-env-3.1.4":
  version "0.0.1"
  resolved "https://github.com/yarnpkg/e2e-test-repo#da5940e1ad2b7451c00edffb6e755bf2411fc705"
