# THIS IS AN AUTOGENERATED FILE. DO NOT EDIT THIS FILE DIRECTLY.
# yarn lockfile v1
dep-incompatible@1.0.0:
  version "1.0.0"
  resolved dep-incompatible-1.0.0.tgz#d06b95482893472aabc08e86e76580cfae058333
  dependencies:
    dep-a "1.0.0"

dep-a@1.0.0:
  version "1.0.0"
  resolved dep-a-1.0.0.tgz#13cb7dfcabff56d3ce39c10c1b9a0900134e615d
