# THIS IS AN AUTOGENERATED FILE. DO NOT EDIT THIS FILE DIRECTLY.
# yarn lockfile v1


async@2.0.0:
  version "2.0.0"
  resolved "https://registry.yarnpkg.com/async/-/async-2.0.0.tgz#d0900ad385af13804540a109c42166e3ae7b2b9d"
  dependencies:
    lodash "^4.8.0"

lodash@^4.8.0:
  version "4.17.4"
  resolved "https://registry.yarnpkg.com/lodash/-/lodash-4.17.4.tgz#78203a4d1c328ae1d86dca6460e369b57f4055ae"
