# THIS IS AN AUTOGENERATED FILE. DO NOT EDIT THIS FILE DIRECTLY.
# yarn lockfile v1


ansi-regex@^1.0.0:
  version "1.0.0"
  resolved "https://registry.npmjs.org/ansi-regex/-/ansi-regex-1.0.0.tgz#54c7ce13af71e436348666484c44516ab9bc144e"

array-union@^1.0.1:
  version "1.0.2"
  resolved "https://registry.yarnpkg.com/array-union/-/array-union-1.0.2.tgz#9a34410e4f4e3da23dea375be5be70f24778ec39"
  integrity sha1-mjRBDk9OPaI96jdb5b5w8kd47Dk=
  dependencies:
    array-uniq "^1.0.1"

array-uniq@^1.0.1:
  version "1.0.3"
  resolved "https://registry.yarnpkg.com/array-uniq/-/array-uniq-1.0.3.tgz#af6ac877a25cc7f74e058894753858dfdb24fdb6"
  integrity sha1-r2rId6Jcx/dOBYiUdThY39sk/bY=

strip-ansi@^2.0.0:
  version "2.0.0"
  resolved "https://registry.yarnpkg.com/strip-ansi/-/strip-ansi-2.0.0.tgz#fa8d69432e97674746f55f51d076ae78b18df13f"
  integrity sha1-+o1pQy6XZ0dG9V9R0HaueLGN8T8=
  dependencies:
    ansi-regex "^1.0.0"
