# THIS IS AN AUTOGENERATED FILE. DO NOT EDIT THIS FILE DIRECTLY.
# yarn lockfile v1
arrify@^1.0.1:
  version "1.0.1"
  resolved "https://registry.npmjs.org/arrify/-/arrify-1.0.1.tgz#898508da2226f380df904728456849c1501a4b0d"

each-async@^1.1.1:
  version "1.1.1"
  resolved "https://registry.npmjs.org/each-async/-/each-async-1.1.1.tgz#dee5229bdf0ab6ba2012a395e1b869abf8813473"
  dependencies:
    onetime "^1.0.0"
    set-immediate-shim "^1.0.0"

is-online@^5.0.0:
  version "5.1.2"
  resolved "https://registry.npmjs.org/is-online/-/is-online-5.1.2.tgz#4c10aa69d11cf1fec531f0dc940f4185b9d983fe"
  dependencies:
    is-reachable "^1.3.0"
    onetime "^1.1.0"
    random-item "^1.0.0"
    root-hints "^1.0.0"

is-port-reachable@^1.0.0:
  version "1.0.0"
  resolved "https://registry.npmjs.org/is-port-reachable/-/is-port-reachable-1.0.0.tgz#7d933a217d0399576709e27b4f0ded5a500d94d6"
  dependencies:
    onetime "^1.0.0"

is-reachable@^1.3.0:
  version "1.3.0"
  resolved "https://registry.npmjs.org/is-reachable/-/is-reachable-1.3.0.tgz#0d800c861de2b6d8bcd6757dc788a85a4971ac6a"
  dependencies:
    arrify "^1.0.1"
    each-async "^1.1.1"
    is-port-reachable "^1.0.0"
    onetime "^1.1.0"
    router-ips "^0.2.0"
    url-parse-lax "^1.0.0"

onetime@^1.0.0, onetime@^1.1.0:
  version "1.1.0"
  resolved "https://registry.npmjs.org/onetime/-/onetime-1.1.0.tgz#a1f7838f8314c516f05ecefcbc4ccfe04b4ed789"

prepend-http@^1.0.1:
  version "1.0.4"
  resolved "https://registry.npmjs.org/prepend-http/-/prepend-http-1.0.4.tgz#d4f4562b0ce3696e41ac52d0e002e57a635dc6dc"

random-item@^1.0.0:
  version "1.0.0"
  resolved "https://registry.npmjs.org/random-item/-/random-item-1.0.0.tgz#16ee31626cb050c8a1686a5f0f42a6b99a2aaf11"

root-hints@^1.0.0:
  version "1.0.10"
  resolved "https://registry.npmjs.org/root-hints/-/root-hints-1.0.10.tgz#8d11c14e516be08c56d379e7c4a5154da0d7609f"

router-ips@^0.2.0:
  version "0.2.0"
  resolved "https://registry.npmjs.org/router-ips/-/router-ips-0.2.0.tgz#20f6e5774221e519197639dd9ac04b7badec96cd"

set-immediate-shim@^1.0.0:
  version "1.0.1"
  resolved "https://registry.npmjs.org/set-immediate-shim/-/set-immediate-shim-1.0.1.tgz#4b2b1b27eb808a9f8dcc481a58e5e56f599f3f61"

url-parse-lax@^1.0.0:
  version "1.0.0"
  resolved "https://registry.npmjs.org/url-parse-lax/-/url-parse-lax-1.0.0.tgz#7af8f303645e9bd79a272e7a14ac68bc0609da73"
  dependencies:
    prepend-http "^1.0.1"

