# THIS IS AN AUTOGENERATED FILE. DO NOT EDIT THIS FILE DIRECTLY.
# yarn lockfile v1
ansi-regex@^1.0.0:
  version "1.0.0"
  resolved "https://registry.npmjs.org/ansi-regex/-/ansi-regex-1.0.0.tgz#54c7ce13af71e436348666484c44516ab9bc144e"
array-union@^1.0.1:
  version "1.0.1"
  resolved "https://registry.npmjs.org/array-union/-/array-union-1.0.1.tgz#4d410fc8395cb247637124bade9e3f547d5d55f2"
  dependencies:
    array-uniq "^1.0.1"
array-uniq@^1.0.1:
  version "1.0.1"
  resolved "https://registry.npmjs.org/array-uniq/-/array-uniq-1.0.1.tgz#25e1d96853d7f6f77cecf693f86cac4052046790"
strip-ansi@^2.0.1:
  version "2.0.1"
  resolved "https://registry.npmjs.org/strip-ansi/-/strip-ansi-2.0.1.tgz#df62c1aa94ed2f114e1d0f21fd1d50482b79a60e"
  dependencies:
    ansi-regex "^1.0.0"
