# THIS IS AN AUTOGENERATED FILE. DO NOT EDIT THIS FILE DIRECTLY.
# yarn lockfile v1


"@turf/helpers@3.0.16":
  version "3.0.16"
  resolved "https://registry.yarnpkg.com/@turf/helpers/-/helpers-3.0.16.tgz#450adf252738358847ce0359030412b0b421a877"

"@turf/helpers@^3.6.3":
  version "3.7.1"
  resolved "https://registry.yarnpkg.com/@turf/helpers/-/helpers-3.7.1.tgz#30ac1b735277fc1014435bb8afb0007980c2a005"

"@turf/tin@3.7.0":
  version "3.7.0"
  resolved "https://registry.yarnpkg.com/@turf/tin/-/tin-3.7.0.tgz#5aaec2df74e638bf828de8fb6fcb5c3c48979a30"
  dependencies:
    "@turf/helpers" "^3.6.3"
