# THIS IS AN AUTOGENERATED FILE. DO NOT EDIT THIS FILE DIRECTLY.
# yarn lockfile v1


is-negative-zero@1.0.0:
  version "1.0.0"
  resolved "https://registry.yarnpkg.com/is-negative-zero/-/is-negative-zero-1.0.0.tgz#1d6854ab92b1eaefeb8164bac0d05efdd532ac85"

left-pad@1.0.0:
  version "1.0.0"
  resolved "https://registry.yarnpkg.com/left-pad/-/left-pad-1.0.0.tgz#c84e2417581bbb8eaf2b9e3d7a122e572ab1af37"

max-safe-integer@1.0.0:
  version "1.0.0"
  resolved "https://registry.yarnpkg.com/max-safe-integer/-/max-safe-integer-1.0.0.tgz#4662073a02c7e02d38153e25795489b20be6f01a"
