# THIS IS AN AUTOGENERATED FILE. DO NOT EDIT THIS FILE DIRECTLY.
# yarn lockfile v1


abab@^1.0.4:
  version "1.0.4"
  resolved "https://registry.yarnpkg.com/abab/-/abab-1.0.4.tgz#5faad9c2c07f60dd76770f71cf025b62a63cfd4e"
  integrity sha1-X6rZwsB/YN12dw9xzwJbYqY8/U4=

leftpad@^0.0.1:
  version "0.0.1"
  resolved "https://registry.yarnpkg.com/leftpad/-/leftpad-0.0.1.tgz#86b1a4de4face180ac545a83f1503523d8fed115"
  integrity sha1-hrGk3k+s4YCsVFqD8VA1I9j+0RU=
