# THIS IS AN AUTOGENERATED FILE. DO NOT EDIT THIS FILE DIRECTLY.
# yarn lockfile v1


"@dengorbachev/bar@^1.0.0":
  version "1.0.0"
  resolved "https://registry.yarnpkg.com/@dengorbachev/bar/-/bar-1.0.0.tgz#f01d868a938353e52703a6751ebf07e92016060d"

"@dengorbachev/foo@^1.0.0":
  version "1.0.0"
  resolved "https://registry.yarnpkg.com/@dengorbachev/foo/-/foo-1.0.0.tgz#67a8228a6cc54d7062b1de314bad734882302205"
