# THIS IS AN AUTOGENERATED FILE. DO NOT EDIT THIS FILE DIRECTLY.
# yarn lockfile v1


"@types/chai@^3.4.34":
  version "3.4.34"
  resolved "https://registry.yarnpkg.com/@types/chai/-/chai-3.4.34.tgz#d5335792823bb09cddd5e38c3d211b709183854d"

"@types/lodash@^4.14.40":
  version "4.14.40"
  resolved "https://registry.yarnpkg.com/@types/lodash/-/lodash-4.14.40.tgz#e67478f69bb1ad93a0e7ab6f3f276816d27088de"
