# THIS IS AN AUTOGENERATED FILE. DO NOT EDIT THIS FILE DIRECTLY.
# yarn lockfile v1


dep-a@^1.0.0:
  version "1.0.0"
  resolved "http://tar.ball/dep-a.tgz#DEP-A_SHASUM"
  dependencies:
    dep-c "^1.0.0"

dep-b@^1.0.0:
  version "1.0.0"
  resolved "http://tar.ball/dep-b.tgz#DEP-B_SHASUM"

dep-c@^1.0.0:
  version "1.0.0"
  resolved "http://tar.ball/dep-c.tgz#DEP-C_SHASUM"
  dependencies:
    dep-d "^1.0.0"

dep-d@^1.0.0:
  version "1.0.0"
  resolved "http://tar.ball/dep-d.tgz#DEP-D_SHASUM"
