dep-a@2.0.1:
  name dep-a
  version "2.0.1"
  resolved dep-a-2.0.1.tgz#9651b29dbff798e65ddd0f9941eefcd139466e2e
  dependencies:
    dep-b "2.0.0"
dep-b@1.0.0:
  name dep-b
  version "1.0.0"
  resolved dep-b-1.0.0.tgz#20e1c32691d41bf8a8a02550bbf41faa7c3db5b7
dep-b@^2.0.0:
  name dep-b
  version "2.0.0"
  resolved dep-b-2.0.0.tgz#70d81646e122375676f615834e73cd9737341844
