# THIS IS AN AUTOGENERATED FILE. DO NOT EDIT THIS FILE DIRECTLY.
# yarn lockfile v1
dep-optional@1.0.0:
  version "1.0.0"
  resolved dep-optional-1.0.0.tgz#c8cbcee6f23932e14898a2dd4c76e38b37d31531
  dependencies:
    dep-incompatible "1.0.0"

dep-incompatible@1.0.0:
  version "1.0.0"
  resolved dep-incompatible-1.0.0.tgz#f711458d716eeb5c2cbbc11ee09edccedbb79e74
