# THIS IS AN AUTOGENERATED FILE. DO NOT EDIT THIS FILE DIRECTLY.
# yarn lockfile v1
dep-a@1.0.0:
  version "1.0.0"
  resolved dep-a-1.0.0.tgz#e7f20878f3696af17ef69934c320885ffab98651
  dependencies:
    dep-c "1.0.0"

dep-b@1.0.0:
  version "1.0.0"
  resolved dep-b-1.0.0.tgz#3ec41d539ec81cbb0b00f3f77cee143104153783
  dependencies:
    dep-c "1.0.0"

dep-c@1.0.0:
  version "1.0.0"
  resolved dep-c-1.0.0.tgz#43df1196c1b62b89ed7169b6b93493d8420763b6
  dependencies:
    dep-d "1.0.0"

dep-c@2.0.0:
  version "2.0.0"
  resolved dep-c-2.0.0.tgz#be95e9930b466ac728ba44f63b9888aa5c7a78b8

dep-d@1.0.0:
  version "1.0.0"
  resolved dep-d-1.0.0.tgz#175ce924c6413b1feeb68b976ae769260cfe0d86
  dependencies:
    dep-e "1.0.0"

dep-d@2.0.0:
  version "2.0.0"
  resolved dep-d-2.0.0.tgz#ada909b78f52d88a60e9c8583ddc0310ff16da40

dep-e@1.0.0:
  version "1.0.0"
  resolved dep-e-1.0.0.tgz#8baa9f7eda12e71a95ccfce7e31ace5867617014

dep-e@2.0.0:
  version "2.0.0"
  resolved dep-e-2.0.0.tgz#c326a657226d79e68a2208f62a3f3f9f657416a9

