# THIS IS AN AUTOGENERATED FILE. DO NOT EDIT THIS FILE DIRECTLY.
# yarn lockfile v1

dep-a@1.0.0:
  version "1.0.0"
  resolved dep-a-1.0.0.tgz#c37a4564121af3b8c1bb1591a4de6cae9d67b4d4
  dependencies:
    dep-c "1.0.0"

dep-b@1.0.0:
  version "1.0.0"
  resolved dep-b-1.0.0.tgz#94c21a6d5e298543f7ac6fa1d511eade780b1b2c
  dependencies:
    dep-d "1.0.0"

dep-c@1.0.0:
  version "1.0.0"
  resolved dep-c-1.0.0.tgz#5e410459b9dea936044feb7f58bba74b9878f276
  dependencies:
    dep-d "1.0.0"

dep-d@1.0.0:
  version "1.0.0"
  resolved dep-d-1.0.0.tgz#9dc2786647bbf1ae551403ea6964ed17fdc7d72e
