# THIS IS AN AUTOGENERATED FILE. DO NOT EDIT THIS FILE DIRECTLY.
# yarn lockfile v1
dep-a@1.0.0:
  version "1.0.0"
  resolved dep-a-1.0.0.tgz#32681745236788ceacdd1e693a434c17a523c74f
  integrity sha1-MmgXRSNniM6s3R5pOkNMF6Ujx08=
  dependencies:
    dep-b "1.0.0"

dep-b@1.0.0:
  version "1.0.0"
  resolved dep-b-1.0.0.tgz#cd5e0c0e50dea8b27fe0ce3b5cc738b9c1c3d128
  integrity sha1-zV4MDlDeqLJ/4M47XMc4ucHD0Sg=
  dependencies:
    dep-c "1.0.0"

dep-c@1.0.0:
  version "1.0.0"
  resolved dep-c-1.0.0.tgz#968769f835949a29dbb6a45884b5bdcee3ab9b20
  integrity sha1-lodp+DWUminbtqRYhLW9zuOrmyA=
  dependencies:
    dep-d "1.0.0"

dep-d@1.0.0:
  version "1.0.0"
  resolved dep-d-1.0.0.tgz#0fcc8130f5ab82792e98f2efa8981a882882748c
  integrity sha1-D8yBMPWrgnkumPLvqJgaiCiCdIw=
