# THIS IS AN AUTOGENERATED FILE. DO NOT EDIT THIS FILE DIRECTLY.
# yarn lockfile v1


"@financial-times/n-bottle@1.0.0":
  version "1.0.0"
  resolved "https://registry.yarnpkg.com/@financial-times/n-bottle/-/n-bottle-1.0.0.tgz#a88d4b07b54c6741f00b1e601b280519034b5b85"
  dependencies:
    colors "^1.1.2"
    commander "^2.9.0"
    denodeify "^1.2.1"
    semver "^5.1.0"
    shellpromise "^1.4.0"

colors@^1.1.2:
  version "1.1.2"
  resolved "https://registry.yarnpkg.com/colors/-/colors-1.1.2.tgz#168a4701756b6a7f51a12ce0c97bfa28c084ed63"

commander@^2.9.0:
  version "2.9.0"
  resolved "https://registry.yarnpkg.com/commander/-/commander-2.9.0.tgz#9c99094176e12240cb22d6c5146098400fe0f7d4"
  dependencies:
    graceful-readlink ">= 1.0.0"

denodeify@^1.2.1:
  version "1.2.1"
  resolved "https://registry.yarnpkg.com/denodeify/-/denodeify-1.2.1.tgz#3a36287f5034e699e7577901052c2e6c94251631"

"graceful-readlink@>= 1.0.0":
  version "1.0.1"
  resolved "https://registry.yarnpkg.com/graceful-readlink/-/graceful-readlink-1.0.1.tgz#4cafad76bc62f02fa039b2f94e9a3dd3a391a725"

is-negative-zero@^1.0.0:
  version "1.0.0"
  resolved "https://registry.yarnpkg.com/is-negative-zero/-/is-negative-zero-1.0.0.tgz#1d6854ab92b1eaefeb8164bac0d05efdd532ac85"

left-pad@1.0.0:
  version "1.0.0"
  resolved "https://registry.yarnpkg.com/left-pad/-/left-pad-1.0.0.tgz#c84e2417581bbb8eaf2b9e3d7a122e572ab1af37"

max-safe-integer@1.0.0:
  version "1.0.0"
  resolved "https://registry.yarnpkg.com/max-safe-integer/-/max-safe-integer-1.0.0.tgz#4662073a02c7e02d38153e25795489b20be6f01a"

semver@^5.1.0:
  version "5.3.0"
  resolved "https://registry.yarnpkg.com/semver/-/semver-5.3.0.tgz#9b2ce5d3de02d17c6012ad326aa6b4d0cf54f94f"

shellpromise@^1.4.0:
  version "1.4.0"
  resolved "https://registry.yarnpkg.com/shellpromise/-/shellpromise-1.4.0.tgz#13a1006790b50c148a1da1c3678000a00fc94ef6"
