# this is an autogenerated file. do not edit this file directly.
# yarn lockfile v1
dep-log@1.0.0:
  version "1.0.0"
  resolved dep-log-1.0.0.tgz#803d7e2ceeed013d49eaf775c1014b6409b4faae
dep-a@1.0.0:
  version "1.0.0"
  resolved dep-a-1.0.0.tgz#de7bdb3c1826a8a0ecb1365d0ae86408b9166d53
  dependencies:
    dep-b "1.0.0"
dep-b@1.0.0:
  version "1.0.0"
  resolved dep-b-1.0.0.tgz#5ebe1098091c282ffc1423f0ec8e1000aeeadbec
  dependencies:
    dep-c "1.0.0"
dep-b@2.0.0:
  version "2.0.0"
  resolved dep-b-2.0.0.tgz#8ed4c5707bd0a6678745bad61f02040b6f93d757
  dependencies:
    dep-c "1.0.0"
dep-c@1.0.0:
  version "1.0.0"
  resolved dep-c-1.0.0.tgz#c97008e0835acaa711531fb8249b05c7f0083812
dep-d@1.0.0:
  version "1.0.0"
  resolved dep-d-1.0.0.tgz#6677f52896c05617112161bacde65e605d7f58b8
  dependencies:
    dep-a "1.0.0"
    dep-b "1.0.0"