# this is an autogenerated file. do not edit this file directly.
# yarn lockfile v1
dep-log@1.0.0:
  version "1.0.0"
  resolved dep-log-1.0.0.tgz#93fc2d7ac34ec4330fdeaa220741f151cbcbb4d4
dep-a@1.0.0:
  version "1.0.0"
  resolved dep-a-1.0.0.tgz#7cc6852a733ef697dac2230058f2fe9585f49d1d
  dependencies:
    dep-b "1.0.0"
dep-b@1.0.0:
  version "1.0.0"
  resolved dep-b-1.0.0.tgz#b86688c2a14767c9c54f0ea82496207c508aa104
  dependencies:
    dep-c "1.0.0"
dep-b@2.0.0:
  version "2.0.0"
  resolved dep-b-2.0.0.tgz#1322315f0650b4cdaa66c970682c3a8872704d49
  dependencies:
    dep-c "1.0.0"
dep-c@1.0.0:
  version "1.0.0"
  resolved dep-c-1.0.0.tgz#e391aeec15719825873cf2a74c5365358fd9f85e
dep-d@1.0.0:
  version "1.0.0"
  resolved dep-d-1.0.0.tgz#d931538e1594fa6947c8e610c662e2e6d232e2ba
  dependencies:
    dep-a "1.0.0"
    dep-b "1.0.0"
