# THIS IS AN AUTOGENERATED FILE. DO NOT EDIT THIS FILE DIRECTLY.
# yarn lockfile v1


pad-left@2.1.0:
  version "2.1.0"
  resolved "https://registry.yarnpkg.com/pad-left/-/pad-left-2.1.0.tgz#16e6a3b2d44a8e138cb0838cc7cb403a4fc9e994"
  dependencies:
    repeat-string "^1.5.4"

repeat-string@1.4.0, repeat-string@^1.5.4:
  version "1.4.0"
  resolved "https://registry.yarnpkg.com/repeat-string/-/repeat-string-1.4.0.tgz#0133d7b542ce809a685e6c6d4bae11c7a4d892ef"
