onetime@^1.1.0:
  name onetime
  version 1.1.0
  resolved "http://registry.npmjs.org/onetime/-/onetime-1.1.0.tgz#a1f7838f8314c516f05ecefcbc4ccfe04b4ed789"
arrify@^1.0.1:
  name arrify
  version 1.0.1
  resolved "http://registry.npmjs.org/arrify/-/arrify-1.0.1.tgz#898508da2226f380df904728456849c1501a4b0d"
is-online@^5.0.0:
  name is-online
  version 5.1.0
  resolved "http://registry.npmjs.org/is-online/-/is-online-5.1.0.tgz#2e800397f945b63e0911bbb65b55efb72ee8e009"
  dependencies:
    is-reachable ^1.3.0
    onetime ^1.1.0
    random-item ^1.0.0
    root-hints ^1.0.0
is-port-reachable@^1.0.0:
  name is-port-reachable
  version 1.0.0
  resolved "http://registry.npmjs.org/is-port-reachable/-/is-port-reachable-1.0.0.tgz#7d933a217d0399576709e27b4f0ded5a500d94d6"
  dependencies:
    onetime ^1.0.0
is-reachable@^1.3.0:
  name is-reachable
  version 1.3.0
  resolved "http://registry.npmjs.org/is-reachable/-/is-reachable-1.3.0.tgz#0d800c861de2b6d8bcd6757dc788a85a4971ac6a"
  dependencies:
    arrify ^1.0.1
    each-async ^1.1.1
    is-port-reachable ^1.0.0
    onetime ^1.1.0
    router-ips ^0.2.0
    url-parse-lax ^1.0.0
onetime@^1.0.0 onetime@^1.1.0
each-async@^1.1.1:
  name each-async
  version 1.1.1
  resolved "http://registry.npmjs.org/each-async/-/each-async-1.1.1.tgz#dee5229bdf0ab6ba2012a395e1b869abf8813473"
  dependencies:
    onetime ^1.0.0
    set-immediate-shim ^1.0.0
prepend-http@^1.0.1:
  name prepend-http
  version 1.0.3
  resolved "http://registry.npmjs.org/prepend-http/-/prepend-http-1.0.3.tgz#4d0d2b6f9efcf1190c23931325b4f3a9dba84869"
random-item@^1.0.0:
  name random-item
  version 1.0.0
  resolved "http://registry.npmjs.org/random-item/-/random-item-1.0.0.tgz#16ee31626cb050c8a1686a5f0f42a6b99a2aaf11"
root-hints@^1.0.0:
  name root-hints
  version 1.0.8
  resolved "http://registry.npmjs.org/root-hints/-/root-hints-1.0.8.tgz#6af7e9882a1d4c1484346b40ffda99f9e06c7023"
router-ips@^0.2.0:
  name router-ips
  version 0.2.0
  resolved "http://registry.npmjs.org/router-ips/-/router-ips-0.2.0.tgz#20f6e5774221e519197639dd9ac04b7badec96cd"
set-immediate-shim@^1.0.0:
  name set-immediate-shim
  version 1.0.1
  resolved "http://registry.npmjs.org/set-immediate-shim/-/set-immediate-shim-1.0.1.tgz#4b2b1b27eb808a9f8dcc481a58e5e56f599f3f61"
url-parse-lax@^1.0.0:
  name url-parse-lax
  version 1.0.0
  resolved "http://registry.npmjs.org/url-parse-lax/-/url-parse-lax-1.0.0.tgz#7af8f303645e9bd79a272e7a14ac68bc0609da73"
  dependencies:
    prepend-http ^1.0.1
