# THIS IS AN AUTOGENERATED FILE. DO NOT EDIT THIS FILE DIRECTLY.
# yarn lockfile v1
dep-a@1.0.0:
  version "1.0.0"
  resolved dep-a-1.0.0.tgz#63970c7301ec8a5d37dac4e454fff354f31c31b4
  integrity sha1-Y5cMcwHsil032sTkVP/zVPMcMbQ=
  dependencies:
    dep-b "1.0.0"
dep-b@1.0.0:
  version "1.0.0"
  resolved dep-b-1.0.0.tgz#569c27a4e30b1679eaa7e2299e741f30a7f70926
  integrity sha1-VpwnpOMLFnnqp+IpnnQfMKf3CSY=
  dependencies:
    dep-c "1.0.0"
dep-c@1.0.0:
  version "1.0.0"
  resolved dep-c-1.0.0.tgz#100eef2bf00fc31b596542fb9af18186e37716cc
  integrity sha1-EA7vK/APwxtZZUL7mvGBhuN3Fsw=
