# THIS IS AN AUTOGENERATED FILE. DO NOT EDIT THIS FILE DIRECTLY.
# yarn lockfile v1
dep-a@1.0.0:
  version "1.0.0"
  resolved dep-a-1.0.0.tgz#33f01ec2a319af6b42630a48a094ba003d8f2b72
  dependencies:
    dep-b "1.0.0"
dep-b@1.0.0:
  version "1.0.0"
  resolved dep-b-1.0.0.tgz#4f280d009c53dbb59159e967fb3c99beb592f7dc
  dependencies:
    dep-c "1.0.0"
dep-c@1.0.0:
  version "1.0.0"
  resolved dep-c-1.0.0.tgz#dd7090fb67eee57bb042fbe5d4ad2f29ccbce211
