# THIS IS AN AUTOGENERATED FILE. DO NOT EDIT THIS FILE DIRECTLY.
# yarn lockfile v1

dep-a@1.0.0:
  version "1.0.0"
  resolved dep-a-1.0.0.tgz#d9b823eecd44a27a297cb323bed0a35bf367cb7b
  integrity sha1-2bgj7s1EonopfLMjvtCjW/Nny3s=
  dependencies:
    dep-b "1.0.0"

dep-a@2.0.0:
  version "2.0.0"
  resolved dep-a-2.0.0.tgz#3ce1cb6001ce05c1d62af07fa315d84a1155e825
  integrity sha1-POHLYAHOBcHWKvB/oxXYShFV6CU=
  dependencies:
    dep-b "2.0.0"

dep-b@1.0.0:
  version "1.0.0"
  resolved dep-b-1.0.0.tgz#e0415b3244392a2b94e046406ecb302560f22f4b
  integrity sha1-4EFbMkQ5KiuU4EZAbsswJWDyL0s=

dep-b@2.0.0:
  version "2.0.0"
  resolved dep-b-2.0.0.tgz#61a83361ddad4528e5be2d3a68650d3a4a6b8e9c
  integrity sha1-YagzYd2tRSjlvi06aGUNOkprjpw=

dep-c@1.0.0:
  version "1.0.0"
  resolved dep-c-1.0.0.tgz#2ca3e82d2ac182c7a6eaaa3156a92cface7eafcd
  integrity sha1-LKPoLSrBgsem6qoxVqks+s5+r80=
  dependencies:
    dep-d "1.0.0"

dep-d@1.0.0:
  version "1.0.0"
  resolved dep-d-1.0.0.tgz#3fed5f86e70efb16b8162bed96ff4d42e502c351
  integrity sha1-P+1fhucO+xa4Fivtlv9NQuUCw1E=
  dependencies:
    dep-a "2.0.0"

