# THIS IS AN AUTOGENERATED FILE. DO NOT EDIT THIS FILE DIRECTLY.
# yarn lockfile v1


"@angular-mdl/core@^4.0.0":
  version "4.0.0"
  resolved "https://registry.yarnpkg.com/@angular-mdl/core/-/core-4.0.0.tgz#9415a3340cbeeac01739e5777971fec307b13c17"

"@angular/core@^2.4.9":
  version "2.4.9"
  resolved "https://registry.yarnpkg.com/@angular/core/-/core-2.4.9.tgz#85dca2afa4021be91512c97597702ac8d73092e6"

left-pad@^1.0.0:
  version "1.0.0"
  resolved "https://registry.yarnpkg.com/left-pad/-/left-pad-1.0.0.tgz#c84e2417581bbb8eaf2b9e3d7a122e572ab1af37"