# THIS IS AN AUTOGENERATED FILE. DO NOT EDIT THIS FILE DIRECTLY.
# yarn lockfile v1


archy@^1.0.0:
  version "1.0.0"
  resolved "https://registry.yarnpkg.com/archy/-/archy-1.0.0.tgz#f9c8c13757cc1dd7bc379ac77b2c62a5c2868c40"

"nyc@file:./nyc-10.3.2.tgz":
  version "10.3.2"
  resolved "./nyc-10.3.2.tgz#35563cb271637e2dc922a1145d8981e948a9f5c3"
  dependencies:
    archy "^1.0.0"
