# THIS IS AN AUTOGENERATED FILE. DO NOT EDIT THIS FILE DIRECTLY.
# yarn lockfile v1
# yarn v0.26.0-0
# node v7.7.3

left-pad@^1.1.0:
  version "1.1.0"
  resolved "https://registry.yarnpkg.com/left-pad/-/left-pad-1.1.0.tgz#47a2daf581ede454334dee6c6036cae00d912e4d"

left-pad@^1.1.1:
  version "1.1.1"
  resolved "https://registry.yarnpkg.com/left-pad/-/left-pad-1.1.1.tgz#ca566bbdd84b90cc5969ac1726fda51f9d936a3c"
