# THIS IS AN AUTOGENERATED FILE. DO NOT EDIT THIS FILE DIRECTLY.
# yarn lockfile v1
dep-a@^1.0.0:
  version "1.0.0"
  resolved dep-a-1.0.0.tgz#a0055ce8265cf0d2dbfac15233c9a5f44f9c4939

sindresorhus/max-safe-integer:
  name max-safe-integer
  version "1.0.1"
  resolved "https://codeload.github.com/sindresorhus/max-safe-integer/tar.gz/eef7c83a74aaef9da40adddffbb46b019560837a"

