# THIS IS AN AUTOGENERATED FILE. DO NOT EDIT THIS FILE DIRECTLY.
# yarn lockfile v1


feed@0.3.0:
  version "0.3.0"
  resolved "https://registry.yarnpkg.com/feed/-/feed-0.3.0.tgz#65bcc4c9c57fde8e277faf4afff80c2d1d90e82d"
  dependencies:
    xml ">= 0.0.5"

"xml@>= 0.0.5":
  version "1.0.1"
  resolved "https://registry.yarnpkg.com/xml/-/xml-1.0.1.tgz#78ba72020029c5bc87b8a81a3cfcd74b4a2fc1e5"
